
Microsoft Visual Studio Solution File, Format Version 12.00
# Visual Studio 14
VisualStudioVersion = 14.0.24720.0
MinimumVisualStudioVersion = 10.0.40219.1
Project("{FAE04EC0-301F-11D3-BF4B-00C04F79EFBC}") = "Soraka_HealBot", "Soraka_HealBot\Soraka_HealBot.csproj", "{F9607ADD-B46B-4EF1-BB9B-2FF0CB5B5ECA}"
EndProject
Global
	GlobalSection(SolutionConfigurationPlatforms) = preSolution
		Debug|Any CPU = Debug|Any CPU
		Release|Any CPU = Release|Any CPU
	EndGlobalSection
	GlobalSection(ProjectConfigurationPlatforms) = postSolution
		{F9607ADD-B46B-4EF1-BB9B-2FF0CB5B5ECA}.Debug|Any CPU.ActiveCfg = Debug|Any CPU
		{F9607ADD-B46B-4EF1-BB9B-2FF0CB5B5ECA}.Debug|Any CPU.Build.0 = Debug|Any CPU
		{F9607ADD-B46B-4EF1-BB9B-2FF0CB5B5ECA}.Release|Any CPU.ActiveCfg = Release|Any CPU
		{F9607ADD-B46B-4EF1-BB9B-2FF0CB5B5ECA}.Release|Any CPU.Build.0 = Release|Any CPU
	EndGlobalSection
	GlobalSection(SolutionProperties) = preSolution
		HideSolutionNode = FALSE
	EndGlobalSection
EndGlobal
